
Microsoft Visual Studio Solution File, Format Version 12.00
# Visual Studio 2012
Project("{FAE04EC0-301F-11D3-BF4B-00C04F79EFBC}") = "TriangleLibrary", "TriangleLibrary\TriangleLibrary.csproj", "{8B7F313E-987B-4FBE-991C-F2298D2BAA89}"
EndProject
Project("{FAE04EC0-301F-11D3-BF4B-00C04F79EFBC}") = "TriangleUnitTest", "TriangleUnitTest\TriangleUnitTest.csproj", "{9D435CE8-E442-45AA-8F68-293E8C86CE66}"
EndProject
Global
	GlobalSection(SolutionConfigurationPlatforms) = preSolution
		Debug|Any CPU = Debug|Any CPU
		Release|Any CPU = Release|Any CPU
	EndGlobalSection
	GlobalSection(ProjectConfigurationPlatforms) = postSolution
		{8B7F313E-987B-4FBE-991C-F2298D2BAA89}.Debug|Any CPU.ActiveCfg = Debug|Any CPU
		{8B7F313E-987B-4FBE-991C-F2298D2BAA89}.Debug|Any CPU.Build.0 = Debug|Any CPU
		{8B7F313E-987B-4FBE-991C-F2298D2BAA89}.Release|Any CPU.ActiveCfg = Release|Any CPU
		{8B7F313E-987B-4FBE-991C-F2298D2BAA89}.Release|Any CPU.Build.0 = Release|Any CPU
		{9D435CE8-E442-45AA-8F68-293E8C86CE66}.Debug|Any CPU.ActiveCfg = Debug|Any CPU
		{9D435CE8-E442-45AA-8F68-293E8C86CE66}.Debug|Any CPU.Build.0 = Debug|Any CPU
		{9D435CE8-E442-45AA-8F68-293E8C86CE66}.Release|Any CPU.ActiveCfg = Release|Any CPU
		{9D435CE8-E442-45AA-8F68-293E8C86CE66}.Release|Any CPU.Build.0 = Release|Any CPU
	EndGlobalSection
	GlobalSection(SolutionProperties) = preSolution
		HideSolutionNode = FALSE
	EndGlobalSection
EndGlobal
